<?xml version="1.0" encoding="utf-8"?>
<Project ToolsVersion="4.0" xmlns="http://schemas.microsoft.com/developer/msbuild/2003">
  <ItemGroup>
    <Filter Include="Source Files">
      <UniqueIdentifier>{4FC737F1-C7A5-4376-A066-2A32D752A2FF}</UniqueIdentifier>
      <Extensions>cpp;cxx;c;def</Extensions>
    </Filter>
    <Filter Include="Header Files">
      <UniqueIdentifier>{93995380-89BD-4b04-88EB-625FBE52EBFB}</UniqueIdentifier>
      <Extensions>h</Extensions>
    </Filter>
    <Filter Include="Form Files">
      <UniqueIdentifier>{99349809-55BA-4b9d-BF79-8FDBB0286EB3}</UniqueIdentifier>
      <Extensions>ui</Extensions>
    </Filter>
    <Filter Include="Resource Files">
      <UniqueIdentifier>{D9D6E242-F8AF-46E4-B9FD-80ECBC20BA3E}</UniqueIdentifier>
      <Extensions>qrc;*</Extensions>
      <ParseFiles>false</ParseFiles>
    </Filter>
    <Filter Include="Generated Files">
      <UniqueIdentifier>{71ED8ED8-ACB9-4CE9-BBE1-E00B30144E11}</UniqueIdentifier>
      <Extensions>moc;h;cpp</Extensions>
      <SourceControlFiles>False</SourceControlFiles>
    </Filter>
    <Filter Include="Generated Files\Debug">
      <UniqueIdentifier>{fb99cc3c-2261-4003-8233-137d5cba37cb}</UniqueIdentifier>
      <Extensions>cpp;moc</Extensions>
      <SourceControlFiles>False</SourceControlFiles>
    </Filter>
    <Filter Include="Generated Files\Release">
      <UniqueIdentifier>{8bf120d9-27ac-480b-a332-7e47d7a7c4cd}</UniqueIdentifier>
      <Extensions>cpp;moc</Extensions>
      <SourceControlFiles>False</SourceControlFiles>
    </Filter>
    <Filter Include="src">
      <UniqueIdentifier>{b9322054-a285-484b-a5ff-7ae8c8613e67}</UniqueIdentifier>
    </Filter>
    <Filter Include="config">
      <UniqueIdentifier>{048651f4-5b50-404c-8b6f-8cf2dc70e6ab}</UniqueIdentifier>
    </Filter>
  </ItemGroup>
  <ItemGroup>
    <ClCompile Include="GeneratedFiles\qrc_future_platform.cpp">
      <Filter>Generated Files</Filter>
    </ClCompile>
    <ClCompile Include="src\future_platform.cpp">
      <Filter>src</Filter>
    </ClCompile>
    <ClCompile Include="GeneratedFiles\Debug\moc_future_platform.cpp">
      <Filter>Generated Files\Debug</Filter>
    </ClCompile>
    <ClCompile Include="GeneratedFiles\Release\moc_future_platform.cpp">
      <Filter>Generated Files\Release</Filter>
    </ClCompile>
    <ClCompile Include="src\main.cpp">
      <Filter>src</Filter>
    </ClCompile>
    <ClCompile Include="src\set_dialog.cpp">
      <Filter>src</Filter>
    </ClCompile>
    <ClCompile Include="GeneratedFiles\Debug\moc_set_dialog.cpp">
      <Filter>Generated Files\Debug</Filter>
    </ClCompile>
    <ClCompile Include="GeneratedFiles\Release\moc_set_dialog.cpp">
      <Filter>Generated Files\Release</Filter>
    </ClCompile>
    <ClCompile Include="src\md_server.cpp">
      <Filter>src</Filter>
    </ClCompile>
    <ClCompile Include="src\trader_server.cpp">
      <Filter>src</Filter>
    </ClCompile>
    <ClCompile Include="src\Quote.cpp">
      <Filter>src</Filter>
    </ClCompile>
    <ClCompile Include="src\SimpleEvent.cpp">
      <Filter>src</Filter>
    </ClCompile>
    <ClCompile Include="src\Trade.cpp">
      <Filter>src</Filter>
    </ClCompile>
    <ClCompile Include="src\applog.cpp">
      <Filter>src</Filter>
    </ClCompile>
    <ClCompile Include="GeneratedFiles\Debug\moc_Quote.cpp">
      <Filter>Generated Files\Debug</Filter>
    </ClCompile>
    <ClCompile Include="GeneratedFiles\Release\moc_Quote.cpp">
      <Filter>Generated Files\Release</Filter>
    </ClCompile>
    <ClCompile Include="GeneratedFiles\Debug\moc_Trade.cpp">
      <Filter>Generated Files\Debug</Filter>
    </ClCompile>
    <ClCompile Include="GeneratedFiles\Release\moc_Trade.cpp">
      <Filter>Generated Files\Release</Filter>
    </ClCompile>
  </ItemGroup>
  <ItemGroup>
    <CustomBuild Include="future_platform.ui">
      <Filter>Form Files</Filter>
    </CustomBuild>
    <CustomBuild Include="future_platform.qrc">
      <Filter>Resource Files</Filter>
    </CustomBuild>
    <CustomBuild Include="src\future_platform.h">
      <Filter>src</Filter>
    </CustomBuild>
    <CustomBuild Include="src\set_dialog.h">
      <Filter>src</Filter>
    </CustomBuild>
    <CustomBuild Include="src\Trade.h">
      <Filter>src</Filter>
    </CustomBuild>
    <CustomBuild Include="src\Quote.h">
      <Filter>src</Filter>
    </CustomBuild>
  </ItemGroup>
  <ItemGroup>
    <ClInclude Include="GeneratedFiles\ui_future_platform.h">
      <Filter>Generated Files</Filter>
    </ClInclude>
    <ClInclude Include="src\md_server.h">
      <Filter>src</Filter>
    </ClInclude>
    <ClInclude Include="src\common.h">
      <Filter>src</Filter>
    </ClInclude>
    <ClInclude Include="src\trader_server.h">
      <Filter>src</Filter>
    </ClInclude>
    <ClInclude Include="src\QuoteConfig.h">
      <Filter>src</Filter>
    </ClInclude>
    <ClInclude Include="src\SimpleEvent.h">
      <Filter>src</Filter>
    </ClInclude>
    <ClInclude Include="src\TradeConfig.h">
      <Filter>src</Filter>
    </ClInclude>
    <ClInclude Include="src\applog.h">
      <Filter>src</Filter>
    </ClInclude>
    <ClInclude Include="src\nocopyable.h">
      <Filter>src</Filter>
    </ClInclude>
    <ClInclude Include="src\singleton.h">
      <Filter>src</Filter>
    </ClInclude>
    <ClInclude Include="20150803_tradeapi_win32\ThostFtdcMdApi.h">
      <Filter>Header Files</Filter>
    </ClInclude>
    <ClInclude Include="20150803_tradeapi_win32\ThostFtdcTraderApi.h">
      <Filter>Header Files</Filter>
    </ClInclude>
    <ClInclude Include="20150803_tradeapi_win32\ThostFtdcUserApiDataType.h">
      <Filter>Header Files</Filter>
    </ClInclude>
    <ClInclude Include="20150803_tradeapi_win32\ThostFtdcUserApiStruct.h">
      <Filter>Header Files</Filter>
    </ClInclude>
  </ItemGroup>
  <ItemGroup>
    <None Include="config\config.ini">
      <Filter>Resource Files</Filter>
    </None>
    <None Include=".gitignore" />
    <None Include="README.md" />
  </ItemGroup>
</Project>